
Microsoft Visual Studio Solution File, Format Version 12.00
Project("{FAE04EC0-301F-11D3-BF4B-00C04F79EFBC}") = "DWD.Minimal.API", "DWD.Minimal.API\DWD.Minimal.API.csproj", "{8786737A-C473-4E72-B951-CAD6E2CE5319}"
EndProject
Project("{FAE04EC0-301F-11D3-BF4B-00C04F79EFBC}") = "DWD.EF.BasicCrud", "DWD.EF.BasicCrud\DWD.EF.BasicCrud.csproj", "{34BB7727-150A-4F44-968A-FEF8D05C5CA8}"
EndProject
Project("{FAE04EC0-301F-11D3-BF4B-00C04F79EFBC}") = "DWD.Minimal.API.WithValidation", "DWD.Minimal.API.WithValidation\DWD.Minimal.API.WithValidation.csproj", "{8884CAF1-1B40-4762-92F4-99F470204FEF}"
EndProject
Project("{FAE04EC0-301F-11D3-BF4B-00C04F79EFBC}") = "DWD.Shared", "DWD.Shared\DWD.Shared.csproj", "{AF96D359-007A-49DD-B7E0-47070C84B61E}"
EndProject
Project("{FAE04EC0-301F-11D3-BF4B-00C04F79EFBC}") = "DWD.CSharpBasics", "DWD.CSharpBasics\DWD.CSharpBasics.csproj", "{C4CFDFF8-AE25-4EAE-A039-844A84DD34ED}"
EndProject
Project("{FAE04EC0-301F-11D3-BF4B-00C04F79EFBC}") = "DWD.CSharpAdvanced", "DWD.CSharpAdvanced\DWD.CSharpAdvanced.csproj", "{A3D73D82-51CF-4DBC-8C25-3B57A9554575}"
EndProject
Project("{FAE04EC0-301F-11D3-BF4B-00C04F79EFBC}") = "DWD.SolidPrinciples", "DWD.SolidPrinciples\DWD.SolidPrinciples.csproj", "{D0B33F44-E68A-4322-894D-55502D61017D}"
EndProject
Project("{FAE04EC0-301F-11D3-BF4B-00C04F79EFBC}") = "DWD.UnitTesting", "DWD.UnitTesting\DWD.UnitTesting.csproj", "{5FBB700D-59B8-4A7B-AF7E-8943F4870BBF}"
EndProject
Global
	GlobalSection(SolutionConfigurationPlatforms) = preSolution
		Debug|Any CPU = Debug|Any CPU
		Release|Any CPU = Release|Any CPU
	EndGlobalSection
	GlobalSection(ProjectConfigurationPlatforms) = postSolution
		{8786737A-C473-4E72-B951-CAD6E2CE5319}.Debug|Any CPU.ActiveCfg = Debug|Any CPU
		{8786737A-C473-4E72-B951-CAD6E2CE5319}.Debug|Any CPU.Build.0 = Debug|Any CPU
		{8786737A-C473-4E72-B951-CAD6E2CE5319}.Release|Any CPU.ActiveCfg = Release|Any CPU
		{8786737A-C473-4E72-B951-CAD6E2CE5319}.Release|Any CPU.Build.0 = Release|Any CPU
		{34BB7727-150A-4F44-968A-FEF8D05C5CA8}.Debug|Any CPU.ActiveCfg = Debug|Any CPU
		{34BB7727-150A-4F44-968A-FEF8D05C5CA8}.Debug|Any CPU.Build.0 = Debug|Any CPU
		{34BB7727-150A-4F44-968A-FEF8D05C5CA8}.Release|Any CPU.ActiveCfg = Release|Any CPU
		{34BB7727-150A-4F44-968A-FEF8D05C5CA8}.Release|Any CPU.Build.0 = Release|Any CPU
		{8884CAF1-1B40-4762-92F4-99F470204FEF}.Debug|Any CPU.ActiveCfg = Debug|Any CPU
		{8884CAF1-1B40-4762-92F4-99F470204FEF}.Debug|Any CPU.Build.0 = Debug|Any CPU
		{8884CAF1-1B40-4762-92F4-99F470204FEF}.Release|Any CPU.ActiveCfg = Release|Any CPU
		{8884CAF1-1B40-4762-92F4-99F470204FEF}.Release|Any CPU.Build.0 = Release|Any CPU
		{AF96D359-007A-49DD-B7E0-47070C84B61E}.Debug|Any CPU.ActiveCfg = Debug|Any CPU
		{AF96D359-007A-49DD-B7E0-47070C84B61E}.Debug|Any CPU.Build.0 = Debug|Any CPU
		{AF96D359-007A-49DD-B7E0-47070C84B61E}.Release|Any CPU.ActiveCfg = Release|Any CPU
		{AF96D359-007A-49DD-B7E0-47070C84B61E}.Release|Any CPU.Build.0 = Release|Any CPU
		{C4CFDFF8-AE25-4EAE-A039-844A84DD34ED}.Debug|Any CPU.ActiveCfg = Debug|Any CPU
		{C4CFDFF8-AE25-4EAE-A039-844A84DD34ED}.Debug|Any CPU.Build.0 = Debug|Any CPU
		{C4CFDFF8-AE25-4EAE-A039-844A84DD34ED}.Release|Any CPU.ActiveCfg = Release|Any CPU
		{C4CFDFF8-AE25-4EAE-A039-844A84DD34ED}.Release|Any CPU.Build.0 = Release|Any CPU
		{A3D73D82-51CF-4DBC-8C25-3B57A9554575}.Debug|Any CPU.ActiveCfg = Debug|Any CPU
		{A3D73D82-51CF-4DBC-8C25-3B57A9554575}.Debug|Any CPU.Build.0 = Debug|Any CPU
		{A3D73D82-51CF-4DBC-8C25-3B57A9554575}.Release|Any CPU.ActiveCfg = Release|Any CPU
		{A3D73D82-51CF-4DBC-8C25-3B57A9554575}.Release|Any CPU.Build.0 = Release|Any CPU
		{D0B33F44-E68A-4322-894D-55502D61017D}.Debug|Any CPU.ActiveCfg = Debug|Any CPU
		{D0B33F44-E68A-4322-894D-55502D61017D}.Debug|Any CPU.Build.0 = Debug|Any CPU
		{D0B33F44-E68A-4322-894D-55502D61017D}.Release|Any CPU.ActiveCfg = Release|Any CPU
		{D0B33F44-E68A-4322-894D-55502D61017D}.Release|Any CPU.Build.0 = Release|Any CPU
		{5FBB700D-59B8-4A7B-AF7E-8943F4870BBF}.Debug|Any CPU.ActiveCfg = Debug|Any CPU
		{5FBB700D-59B8-4A7B-AF7E-8943F4870BBF}.Debug|Any CPU.Build.0 = Debug|Any CPU
		{5FBB700D-59B8-4A7B-AF7E-8943F4870BBF}.Release|Any CPU.ActiveCfg = Release|Any CPU
		{5FBB700D-59B8-4A7B-AF7E-8943F4870BBF}.Release|Any CPU.Build.0 = Release|Any CPU
	EndGlobalSection
EndGlobal
